{
  "name": "tools",
  "lockfileVersion": 3,
  "requires": true,
  "packages": {
    "": {
      "dependencies": {
        "netcdfjs": "^2.0.2"
      }
    },
    "node_modules/iobuffer": {
      "version": "5.3.1",
      "resolved": "https://registry.npmjs.org/iobuffer/-/iobuffer-5.3.1.tgz",
      "integrity": "sha512-5mY3jSgwxNH+rsogUXvZYfJtb4glKJJWYnJM+hpd3r7VcwfVbeMrovv0+XQirmIO8JiNw48Ll/CB5fa2SlJIsw=="
    },
    "node_modules/netcdfjs": {
      "version": "2.0.2",
      "resolved": "https://registry.npmjs.org/netcdfjs/-/netcdfjs-2.0.2.tgz",
      "integrity": "sha512-Uyz+3rqdF3D4WhnQY3lmG/FBY53OsDfloYnjBhoG+jZZs25RXWIOVU8d+V852Kv0xgtt1MzaSdeYmUS9enJ+ow==",
      "dependencies": {
        "iobuffer": "^5.2.1"
      }
    }
  }
}
